{
  "name": "genshin-statpaglu",
  "version": "9.2.0",
  "lockfileVersion": 3,
  "requires": true,
  "packages": {
    "": {
      "name": "genshin-statpaglu",
      "version": "9.2.0",
      "dependencies": {
        "enkanetwork": "latest"
      },
      "engines": {
        "node": ">=18"
      }
    },
    "node_modules/enkanetwork": {
      "version": "3.1.2",
      "resolved": "https://registry.npmjs.org/enkanetwork/-/enkanetwork-3.1.2.tgz",
      "integrity": "sha512-n4f641PTncNrmRlLkBJXDEnqt235RvvulASkP0Qyn0m6B7r7i/rOKGNRW+ir2MytkL+aQBzq5qQrT3GFHK3UDw==",
      "hasInstallScript": true,
      "license": "ISC"
    }
  }
}